
Microsoft Visual Studio Solution File, Format Version 12.00
# Visual Studio Version 17
VisualStudioVersion = 17.8.34525.116
MinimumVisualStudioVersion = 10.0.40219.1
Project("{FAE04EC0-301F-11D3-BF4B-00C04F79EFBC}") = "eTickets", "eTickets\eTickets.csproj", "{A7E91347-B29E-4607-9269-6515BF413FDB}"
EndProject
Global
	GlobalSection(SolutionConfigurationPlatforms) = preSolution
		Debug|Any CPU = Debug|Any CPU
		Release|Any CPU = Release|Any CPU
	EndGlobalSection
	GlobalSection(ProjectConfigurationPlatforms) = postSolution
		{A7E91347-B29E-4607-9269-6515BF413FDB}.Debug|Any CPU.ActiveCfg = Debug|Any CPU
		{A7E91347-B29E-4607-9269-6515BF413FDB}.Debug|Any CPU.Build.0 = Debug|Any CPU
		{A7E91347-B29E-4607-9269-6515BF413FDB}.Release|Any CPU.ActiveCfg = Release|Any CPU
		{A7E91347-B29E-4607-9269-6515BF413FDB}.Release|Any CPU.Build.0 = Release|Any CPU
	EndGlobalSection
	GlobalSection(SolutionProperties) = preSolution
		HideSolutionNode = FALSE
	EndGlobalSection
	GlobalSection(ExtensibilityGlobals) = postSolution
		SolutionGuid = {EB8D5A9F-91C0-4A8B-BD3D-024B3BEB9247}
	EndGlobalSection
EndGlobal
